
Microsoft Visual Studio Solution File, Format Version 12.00
# Visual Studio Version 17
VisualStudioVersion = 17.2.32616.157
MinimumVisualStudioVersion = 10.0.40219.1
Project("{FAE04EC0-301F-11D3-BF4B-00C04F79EFBC}") = "Fitas_TandemIMA", "Fitas_TandemIMA.csproj", "{3E5A2E3B-037F-4057-8CCD-965457582D88}"
EndProject
Global
	GlobalSection(SolutionConfigurationPlatforms) = preSolution
		Debug|Any CPU = Debug|Any CPU
		Release|Any CPU = Release|Any CPU
	EndGlobalSection
	GlobalSection(ProjectConfigurationPlatforms) = postSolution
		{3E5A2E3B-037F-4057-8CCD-965457582D88}.Debug|Any CPU.ActiveCfg = Debug|Any CPU
		{3E5A2E3B-037F-4057-8CCD-965457582D88}.Debug|Any CPU.Build.0 = Debug|Any CPU
		{3E5A2E3B-037F-4057-8CCD-965457582D88}.Release|Any CPU.ActiveCfg = Release|Any CPU
		{3E5A2E3B-037F-4057-8CCD-965457582D88}.Release|Any CPU.Build.0 = Release|Any CPU
	EndGlobalSection
	GlobalSection(SolutionProperties) = preSolution
		HideSolutionNode = FALSE
	EndGlobalSection
	GlobalSection(ExtensibilityGlobals) = postSolution
		SolutionGuid = {026A880E-D4A0-4116-ABEE-96A8EEC21AD8}
	EndGlobalSection
EndGlobal
